
Microsoft Visual Studio Solution File, Format Version 12.00
# Visual Studio Version 17
VisualStudioVersion = 17.9.34902.65
MinimumVisualStudioVersion = 10.0.40219.1
Project("{9A19103F-16F7-4668-BE54-9A1E7A4F7556}") = "SpacexWebApp.Server", "SpacexWebApp.Server\SpacexWebApp.Server.csproj", "{411A0558-C204-4A81-9B0D-C185655E60DE}"
EndProject
Project("{54A90642-561A-4BB1-A94E-469ADEE60C69}") = "spacexwebapp.client", "spacexwebapp.client\spacexwebapp.client.esproj", "{30E3C28F-3BD6-404B-80C3-8ACD4CAF0644}"
EndProject
Global
	GlobalSection(SolutionConfigurationPlatforms) = preSolution
		Debug|Any CPU = Debug|Any CPU
		Release|Any CPU = Release|Any CPU
	EndGlobalSection
	GlobalSection(ProjectConfigurationPlatforms) = postSolution
		{411A0558-C204-4A81-9B0D-C185655E60DE}.Debug|Any CPU.ActiveCfg = Debug|Any CPU
		{411A0558-C204-4A81-9B0D-C185655E60DE}.Debug|Any CPU.Build.0 = Debug|Any CPU
		{411A0558-C204-4A81-9B0D-C185655E60DE}.Release|Any CPU.ActiveCfg = Release|Any CPU
		{411A0558-C204-4A81-9B0D-C185655E60DE}.Release|Any CPU.Build.0 = Release|Any CPU
		{30E3C28F-3BD6-404B-80C3-8ACD4CAF0644}.Debug|Any CPU.ActiveCfg = Debug|Any CPU
		{30E3C28F-3BD6-404B-80C3-8ACD4CAF0644}.Debug|Any CPU.Build.0 = Debug|Any CPU
		{30E3C28F-3BD6-404B-80C3-8ACD4CAF0644}.Debug|Any CPU.Deploy.0 = Debug|Any CPU
		{30E3C28F-3BD6-404B-80C3-8ACD4CAF0644}.Release|Any CPU.ActiveCfg = Release|Any CPU
		{30E3C28F-3BD6-404B-80C3-8ACD4CAF0644}.Release|Any CPU.Build.0 = Release|Any CPU
		{30E3C28F-3BD6-404B-80C3-8ACD4CAF0644}.Release|Any CPU.Deploy.0 = Release|Any CPU
	EndGlobalSection
	GlobalSection(SolutionProperties) = preSolution
		HideSolutionNode = FALSE
	EndGlobalSection
	GlobalSection(ExtensibilityGlobals) = postSolution
		SolutionGuid = {54B406E2-FE79-474F-A934-682354660CEF}
	EndGlobalSection
EndGlobal
